
Microsoft Visual Studio Solution File, Format Version 12.00
Project("{FAE04EC0-301F-11D3-BF4B-00C04F79EFBC}") = "VnCovidStatistics.Core", "VnCovidStatistics.Core\VnCovidStatistics.Core.csproj", "{38BB1303-129E-41EB-9165-FC36B1C7F70F}"
EndProject
Project("{FAE04EC0-301F-11D3-BF4B-00C04F79EFBC}") = "VnCovidStatistics.Infrastructure", "VnCovidStatistics.Infrastructure\VnCovidStatistics.Infrastructure.csproj", "{B408676A-4A5F-478E-A0DE-969BE19455BD}"
EndProject
Project("{FAE04EC0-301F-11D3-BF4B-00C04F79EFBC}") = "VnCovidStatistics.API", "VnCovidStatistics.API\VnCovidStatistics.API.csproj", "{B214A612-3FBB-4073-9660-A8FA837B9B8E}"
EndProject
Global
	GlobalSection(SolutionConfigurationPlatforms) = preSolution
		Debug|Any CPU = Debug|Any CPU
		Release|Any CPU = Release|Any CPU
	EndGlobalSection
	GlobalSection(ProjectConfigurationPlatforms) = postSolution
		{38BB1303-129E-41EB-9165-FC36B1C7F70F}.Debug|Any CPU.ActiveCfg = Debug|Any CPU
		{38BB1303-129E-41EB-9165-FC36B1C7F70F}.Debug|Any CPU.Build.0 = Debug|Any CPU
		{38BB1303-129E-41EB-9165-FC36B1C7F70F}.Release|Any CPU.ActiveCfg = Release|Any CPU
		{38BB1303-129E-41EB-9165-FC36B1C7F70F}.Release|Any CPU.Build.0 = Release|Any CPU
		{B408676A-4A5F-478E-A0DE-969BE19455BD}.Debug|Any CPU.ActiveCfg = Debug|Any CPU
		{B408676A-4A5F-478E-A0DE-969BE19455BD}.Debug|Any CPU.Build.0 = Debug|Any CPU
		{B408676A-4A5F-478E-A0DE-969BE19455BD}.Release|Any CPU.ActiveCfg = Release|Any CPU
		{B408676A-4A5F-478E-A0DE-969BE19455BD}.Release|Any CPU.Build.0 = Release|Any CPU
		{B214A612-3FBB-4073-9660-A8FA837B9B8E}.Debug|Any CPU.ActiveCfg = Debug|Any CPU
		{B214A612-3FBB-4073-9660-A8FA837B9B8E}.Debug|Any CPU.Build.0 = Debug|Any CPU
		{B214A612-3FBB-4073-9660-A8FA837B9B8E}.Release|Any CPU.ActiveCfg = Release|Any CPU
		{B214A612-3FBB-4073-9660-A8FA837B9B8E}.Release|Any CPU.Build.0 = Release|Any CPU
	EndGlobalSection
EndGlobal
